
Microsoft Visual Studio Solution File, Format Version 12.00
# Visual Studio Version 17
VisualStudioVersion = 17.3.32819.101
MinimumVisualStudioVersion = 10.0.40219.1
Project("{9A19103F-16F7-4668-BE54-9A1E7A4F7556}") = "Homework_05-01.Web", "Homework_05-01.Web\Homework_05-01.Web.csproj", "{6997490C-7159-4782-A8A2-38089B06EF3C}"
EndProject
Project("{FAE04EC0-301F-11D3-BF4B-00C04F79EFBC}") = "Homework_05-01.Data", "Homework_05-01.Data\Homework_05-01.Data.csproj", "{3569F132-5AD8-43B4-A108-C0638D917964}"
EndProject
Global
	GlobalSection(SolutionConfigurationPlatforms) = preSolution
		Debug|Any CPU = Debug|Any CPU
		Release|Any CPU = Release|Any CPU
	EndGlobalSection
	GlobalSection(ProjectConfigurationPlatforms) = postSolution
		{6997490C-7159-4782-A8A2-38089B06EF3C}.Debug|Any CPU.ActiveCfg = Debug|Any CPU
		{6997490C-7159-4782-A8A2-38089B06EF3C}.Debug|Any CPU.Build.0 = Debug|Any CPU
		{6997490C-7159-4782-A8A2-38089B06EF3C}.Release|Any CPU.ActiveCfg = Release|Any CPU
		{6997490C-7159-4782-A8A2-38089B06EF3C}.Release|Any CPU.Build.0 = Release|Any CPU
		{3569F132-5AD8-43B4-A108-C0638D917964}.Debug|Any CPU.ActiveCfg = Debug|Any CPU
		{3569F132-5AD8-43B4-A108-C0638D917964}.Debug|Any CPU.Build.0 = Debug|Any CPU
		{3569F132-5AD8-43B4-A108-C0638D917964}.Release|Any CPU.ActiveCfg = Release|Any CPU
		{3569F132-5AD8-43B4-A108-C0638D917964}.Release|Any CPU.Build.0 = Release|Any CPU
	EndGlobalSection
	GlobalSection(SolutionProperties) = preSolution
		HideSolutionNode = FALSE
	EndGlobalSection
	GlobalSection(ExtensibilityGlobals) = postSolution
		SolutionGuid = {3746C5CB-CCB4-492F-84E8-8FD0B5ABA271}
	EndGlobalSection
EndGlobal
